
Microsoft Visual Studio Solution File, Format Version 12.00
# Visual Studio Version 17
VisualStudioVersion = 17.0.32014.148
MinimumVisualStudioVersion = 10.0.40219.1
Project("{9A19103F-16F7-4668-BE54-9A1E7A4F7556}") = "Test", "Test\Test.csproj", "{CF91C042-A8B0-4EBD-B84B-93597317D167}"
EndProject
Project("{9A19103F-16F7-4668-BE54-9A1E7A4F7556}") = "WebAPI6", "WebAPI6\WebAPI6.csproj", "{D384827E-729A-490F-9F09-13EBF8190775}"
EndProject
Project("{FAE04EC0-301F-11D3-BF4B-00C04F79EFBC}") = "DemoWorkerService", "DemoWorkerService\DemoWorkerService.csproj", "{3B3067F5-51E3-4533-B622-88C49A45B2CA}"
EndProject
Global
	GlobalSection(SolutionConfigurationPlatforms) = preSolution
		Debug|Any CPU = Debug|Any CPU
		Release|Any CPU = Release|Any CPU
	EndGlobalSection
	GlobalSection(ProjectConfigurationPlatforms) = postSolution
		{CF91C042-A8B0-4EBD-B84B-93597317D167}.Debug|Any CPU.ActiveCfg = Debug|Any CPU
		{CF91C042-A8B0-4EBD-B84B-93597317D167}.Debug|Any CPU.Build.0 = Debug|Any CPU
		{CF91C042-A8B0-4EBD-B84B-93597317D167}.Release|Any CPU.ActiveCfg = Release|Any CPU
		{CF91C042-A8B0-4EBD-B84B-93597317D167}.Release|Any CPU.Build.0 = Release|Any CPU
		{D384827E-729A-490F-9F09-13EBF8190775}.Debug|Any CPU.ActiveCfg = Debug|Any CPU
		{D384827E-729A-490F-9F09-13EBF8190775}.Debug|Any CPU.Build.0 = Debug|Any CPU
		{D384827E-729A-490F-9F09-13EBF8190775}.Release|Any CPU.ActiveCfg = Release|Any CPU
		{D384827E-729A-490F-9F09-13EBF8190775}.Release|Any CPU.Build.0 = Release|Any CPU
		{3B3067F5-51E3-4533-B622-88C49A45B2CA}.Debug|Any CPU.ActiveCfg = Debug|Any CPU
		{3B3067F5-51E3-4533-B622-88C49A45B2CA}.Debug|Any CPU.Build.0 = Debug|Any CPU
		{3B3067F5-51E3-4533-B622-88C49A45B2CA}.Release|Any CPU.ActiveCfg = Release|Any CPU
		{3B3067F5-51E3-4533-B622-88C49A45B2CA}.Release|Any CPU.Build.0 = Release|Any CPU
	EndGlobalSection
	GlobalSection(SolutionProperties) = preSolution
		HideSolutionNode = FALSE
	EndGlobalSection
	GlobalSection(ExtensibilityGlobals) = postSolution
		SolutionGuid = {D9A86F7C-C2C0-404B-B64D-A13B3787D674}
	EndGlobalSection
EndGlobal
